version = 1
revision = 3
requires-python = ">=3.14"

[[package]]
name = "aiosqlite"
version = "0.22.1"
source = { registry = "https://gitlab.com/api/v4/projects/21145795/packages/pypi/simple" }
sdist = { url = "https://files.pythonhosted.org/packages/4e/8a/64761f4005f17809769d23e518d915db74e6310474e733e3593cfc854ef1/aiosqlite-0.22.1.tar.gz", hash = "sha256:043e0bd78d32888c0a9ca90fc788b38796843360c855a7262a532813133a0650", size = 14821, upload-time = "2025-12-23T19:25:43.997Z" }
wheels = [
    { url = "https://files.pythonhosted.org/packages/00/b7/e3bf5133d697a08128598c8d0abc5e16377b51465a33756de24fa7dee953/aiosqlite-0.22.1-py3-none-any.whl", hash = "sha256:21c002eb13823fad740196c5a2e9d8e62f6243bd9e7e4a1f87fb5e44ecb4fceb", size = 17405, upload-time = "2025-12-23T19:25:42.139Z" },
]

[[package]]
name = "anyio"
version = "4.13.0"
source = { registry = "https://gitlab.com/api/v4/projects/21145795/packages/pypi/simple" }
dependencies = [
    { name = "idna" },
]
sdist = { url = "https://files.pythonhosted.org/packages/19/14/2c5dd9f512b66549ae92767a9c7b330ae88e1932ca57876909410251fe13/anyio-4.13.0.tar.gz", hash = "sha256:334b70e641fd2221c1505b3890c69882fe4a2df910cba14d97019b90b24439dc", size = 231622, upload-time = "2026-03-24T12:59:09.671Z" }
wheels = [
    { url = "https://files.pythonhosted.org/packages/da/42/e921fccf5015463e32a3cf6ee7f980a6ed0f395ceeaa45060b61d86486c2/anyio-4.13.0-py3-none-any.whl", hash = "sha256:08b310f9e24a9594186fd75b4f73f4a4152069e3853f1ed8bfbf58369f4ad708", size = 114353, upload-time = "2026-03-24T12:59:08.246Z" },
]

[[package]]
name = "asyncua"
version = "1.2b2"
source = { editable = "../opcua-asyncio" }
dependencies = [
    { name = "aiosqlite" },
    { name = "anyio" },
    { name = "cryptography" },
    { name = "pyopenssl" },
    { name = "python-dateutil" },
    { name = "pytz" },
    { name = "sortedcontainers" },
    { name = "typing-extensions" },
]

[package.metadata]
requires-dist = [
    { name = "aiosqlite" },
    { name = "anyio" },
    { name = "cryptography", specifier = ">42.0.0" },
    { name = "pyopenssl", specifier = ">23.2.0" },
    { name = "pytest-profiling", marker = "extra == 'profile'" },
    { name = "python-dateutil" },
    { name = "pytz" },
    { name = "sortedcontainers" },
    { name = "typing-extensions" },
    { name = "wait-for2", marker = "python_full_version < '3.12'" },
]
provides-extras = ["profile"]

[package.metadata.requires-dev]
dev = [
    { name = "asynctest" },
    { name = "coverage" },
    { name = "mypy" },
    { name = "pytest" },
    { name = "pytest-asyncio" },
    { name = "pytest-cov" },
    { name = "pytest-mock" },
    { name = "pytest-repeat" },
    { name = "ruff" },
    { name = "types-pyopenssl" },
    { name = "types-python-dateutil" },
    { name = "types-pytz" },
]

[[package]]
name = "cffi"
version = "2.0.0"
source = { registry = "https://gitlab.com/api/v4/projects/21145795/packages/pypi/simple" }
dependencies = [
    { name = "pycparser", marker = "implementation_name != 'PyPy'" },
]
sdist = { url = "https://files.pythonhosted.org/packages/eb/56/b1ba7935a17738ae8453301356628e8147c79dbb825bcbc73dc7401f9846/cffi-2.0.0.tar.gz", hash = "sha256:44d1b5909021139fe36001ae048dbdde8214afa20200eda0f64c068cac5d5529", size = 523588, upload-time = "2025-09-08T23:24:04.541Z" }
wheels = [
    { url = "https://files.pythonhosted.org/packages/92/c4/3ce07396253a83250ee98564f8d7e9789fab8e58858f35d07a9a2c78de9f/cffi-2.0.0-cp314-cp314-macosx_10_13_x86_64.whl", hash = "sha256:fc33c5141b55ed366cfaad382df24fe7dcbc686de5be719b207bb248e3053dc5", size = 185320, upload-time = "2025-09-08T23:23:18.087Z" },
    { url = "https://files.pythonhosted.org/packages/59/dd/27e9fa567a23931c838c6b02d0764611c62290062a6d4e8ff7863daf9730/cffi-2.0.0-cp314-cp314-macosx_11_0_arm64.whl", hash = "sha256:c654de545946e0db659b3400168c9ad31b5d29593291482c43e3564effbcee13", size = 181487, upload-time = "2025-09-08T23:23:19.622Z" },
    { url = "https://files.pythonhosted.org/packages/d6/43/0e822876f87ea8a4ef95442c3d766a06a51fc5298823f884ef87aaad168c/cffi-2.0.0-cp314-cp314-manylinux2014_aarch64.manylinux_2_17_aarch64.whl", hash = "sha256:24b6f81f1983e6df8db3adc38562c83f7d4a0c36162885ec7f7b77c7dcbec97b", size = 220049, upload-time = "2025-09-08T23:23:20.853Z" },
    { url = "https://files.pythonhosted.org/packages/b4/89/76799151d9c2d2d1ead63c2429da9ea9d7aac304603de0c6e8764e6e8e70/cffi-2.0.0-cp314-cp314-manylinux2014_ppc64le.manylinux_2_17_ppc64le.whl", hash = "sha256:12873ca6cb9b0f0d3a0da705d6086fe911591737a59f28b7936bdfed27c0d47c", size = 207793, upload-time = "2025-09-08T23:23:22.08Z" },
    { url = "https://files.pythonhosted.org/packages/bb/dd/3465b14bb9e24ee24cb88c9e3730f6de63111fffe513492bf8c808a3547e/cffi-2.0.0-cp314-cp314-manylinux2014_s390x.manylinux_2_17_s390x.whl", hash = "sha256:d9b97165e8aed9272a6bb17c01e3cc5871a594a446ebedc996e2397a1c1ea8ef", size = 206300, upload-time = "2025-09-08T23:23:23.314Z" },
    { url = "https://files.pythonhosted.org/packages/47/d9/d83e293854571c877a92da46fdec39158f8d7e68da75bf73581225d28e90/cffi-2.0.0-cp314-cp314-manylinux2014_x86_64.manylinux_2_17_x86_64.whl", hash = "sha256:afb8db5439b81cf9c9d0c80404b60c3cc9c3add93e114dcae767f1477cb53775", size = 219244, upload-time = "2025-09-08T23:23:24.541Z" },
    { url = "https://files.pythonhosted.org/packages/2b/0f/1f177e3683aead2bb00f7679a16451d302c436b5cbf2505f0ea8146ef59e/cffi-2.0.0-cp314-cp314-musllinux_1_2_aarch64.whl", hash = "sha256:737fe7d37e1a1bffe70bd5754ea763a62a066dc5913ca57e957824b72a85e205", size = 222828, upload-time = "2025-09-08T23:23:26.143Z" },
    { url = "https://files.pythonhosted.org/packages/c6/0f/cafacebd4b040e3119dcb32fed8bdef8dfe94da653155f9d0b9dc660166e/cffi-2.0.0-cp314-cp314-musllinux_1_2_x86_64.whl", hash = "sha256:38100abb9d1b1435bc4cc340bb4489635dc2f0da7456590877030c9b3d40b0c1", size = 220926, upload-time = "2025-09-08T23:23:27.873Z" },
    { url = "https://files.pythonhosted.org/packages/3e/aa/df335faa45b395396fcbc03de2dfcab242cd61a9900e914fe682a59170b1/cffi-2.0.0-cp314-cp314-win32.whl", hash = "sha256:087067fa8953339c723661eda6b54bc98c5625757ea62e95eb4898ad5e776e9f", size = 175328, upload-time = "2025-09-08T23:23:44.61Z" },
    { url = "https://files.pythonhosted.org/packages/bb/92/882c2d30831744296ce713f0feb4c1cd30f346ef747b530b5318715cc367/cffi-2.0.0-cp314-cp314-win_amd64.whl", hash = "sha256:203a48d1fb583fc7d78a4c6655692963b860a417c0528492a6bc21f1aaefab25", size = 185650, upload-time = "2025-09-08T23:23:45.848Z" },
    { url = "https://files.pythonhosted.org/packages/9f/2c/98ece204b9d35a7366b5b2c6539c350313ca13932143e79dc133ba757104/cffi-2.0.0-cp314-cp314-win_arm64.whl", hash = "sha256:dbd5c7a25a7cb98f5ca55d258b103a2054f859a46ae11aaf23134f9cc0d356ad", size = 180687, upload-time = "2025-09-08T23:23:47.105Z" },
    { url = "https://files.pythonhosted.org/packages/3e/61/c768e4d548bfa607abcda77423448df8c471f25dbe64fb2ef6d555eae006/cffi-2.0.0-cp314-cp314t-macosx_10_13_x86_64.whl", hash = "sha256:9a67fc9e8eb39039280526379fb3a70023d77caec1852002b4da7e8b270c4dd9", size = 188773, upload-time = "2025-09-08T23:23:29.347Z" },
    { url = "https://files.pythonhosted.org/packages/2c/ea/5f76bce7cf6fcd0ab1a1058b5af899bfbef198bea4d5686da88471ea0336/cffi-2.0.0-cp314-cp314t-macosx_11_0_arm64.whl", hash = "sha256:7a66c7204d8869299919db4d5069a82f1561581af12b11b3c9f48c584eb8743d", size = 185013, upload-time = "2025-09-08T23:23:30.63Z" },
    { url = "https://files.pythonhosted.org/packages/be/b4/c56878d0d1755cf9caa54ba71e5d049479c52f9e4afc230f06822162ab2f/cffi-2.0.0-cp314-cp314t-manylinux2014_aarch64.manylinux_2_17_aarch64.whl", hash = "sha256:7cc09976e8b56f8cebd752f7113ad07752461f48a58cbba644139015ac24954c", size = 221593, upload-time = "2025-09-08T23:23:31.91Z" },
    { url = "https://files.pythonhosted.org/packages/e0/0d/eb704606dfe8033e7128df5e90fee946bbcb64a04fcdaa97321309004000/cffi-2.0.0-cp314-cp314t-manylinux2014_ppc64le.manylinux_2_17_ppc64le.whl", hash = "sha256:92b68146a71df78564e4ef48af17551a5ddd142e5190cdf2c5624d0c3ff5b2e8", size = 209354, upload-time = "2025-09-08T23:23:33.214Z" },
    { url = "https://files.pythonhosted.org/packages/d8/19/3c435d727b368ca475fb8742ab97c9cb13a0de600ce86f62eab7fa3eea60/cffi-2.0.0-cp314-cp314t-manylinux2014_s390x.manylinux_2_17_s390x.whl", hash = "sha256:b1e74d11748e7e98e2f426ab176d4ed720a64412b6a15054378afdb71e0f37dc", size = 208480, upload-time = "2025-09-08T23:23:34.495Z" },
    { url = "https://files.pythonhosted.org/packages/d0/44/681604464ed9541673e486521497406fadcc15b5217c3e326b061696899a/cffi-2.0.0-cp314-cp314t-manylinux2014_x86_64.manylinux_2_17_x86_64.whl", hash = "sha256:28a3a209b96630bca57cce802da70c266eb08c6e97e5afd61a75611ee6c64592", size = 221584, upload-time = "2025-09-08T23:23:36.096Z" },
    { url = "https://files.pythonhosted.org/packages/25/8e/342a504ff018a2825d395d44d63a767dd8ebc927ebda557fecdaca3ac33a/cffi-2.0.0-cp314-cp314t-musllinux_1_2_aarch64.whl", hash = "sha256:7553fb2090d71822f02c629afe6042c299edf91ba1bf94951165613553984512", size = 224443, upload-time = "2025-09-08T23:23:37.328Z" },
    { url = "https://files.pythonhosted.org/packages/e1/5e/b666bacbbc60fbf415ba9988324a132c9a7a0448a9a8f125074671c0f2c3/cffi-2.0.0-cp314-cp314t-musllinux_1_2_x86_64.whl", hash = "sha256:6c6c373cfc5c83a975506110d17457138c8c63016b563cc9ed6e056a82f13ce4", size = 223437, upload-time = "2025-09-08T23:23:38.945Z" },
    { url = "https://files.pythonhosted.org/packages/a0/1d/ec1a60bd1a10daa292d3cd6bb0b359a81607154fb8165f3ec95fe003b85c/cffi-2.0.0-cp314-cp314t-win32.whl", hash = "sha256:1fc9ea04857caf665289b7a75923f2c6ed559b8298a1b8c49e59f7dd95c8481e", size = 180487, upload-time = "2025-09-08T23:23:40.423Z" },
    { url = "https://files.pythonhosted.org/packages/bf/41/4c1168c74fac325c0c8156f04b6749c8b6a8f405bbf91413ba088359f60d/cffi-2.0.0-cp314-cp314t-win_amd64.whl", hash = "sha256:d68b6cef7827e8641e8ef16f4494edda8b36104d79773a334beaa1e3521430f6", size = 191726, upload-time = "2025-09-08T23:23:41.742Z" },
    { url = "https://files.pythonhosted.org/packages/ae/3a/dbeec9d1ee0844c679f6bb5d6ad4e9f198b1224f4e7a32825f47f6192b0c/cffi-2.0.0-cp314-cp314t-win_arm64.whl", hash = "sha256:0a1527a803f0a659de1af2e1fd700213caba79377e27e4693648c2923da066f9", size = 184195, upload-time = "2025-09-08T23:23:43.004Z" },
]

[[package]]
name = "colorama"
version = "0.4.6"
source = { registry = "https://gitlab.com/api/v4/projects/21145795/packages/pypi/simple" }
sdist = { url = "https://files.pythonhosted.org/packages/d8/53/6f443c9a4a8358a93a6792e2acffb9d9d5cb0a5cfd8802644b7b1c9a02e4/colorama-0.4.6.tar.gz", hash = "sha256:08695f5cb7ed6e0531a20572697297273c47b8cae5a63ffc6d6ed5c201be6e44", size = 27697, upload-time = "2022-10-25T02:36:22.414Z" }
wheels = [
    { url = "https://files.pythonhosted.org/packages/d1/d6/3965ed04c63042e047cb6a3e6ed1a63a35087b6a609aa3a15ed8ac56c221/colorama-0.4.6-py2.py3-none-any.whl", hash = "sha256:4f1d9991f5acc0ca119f9d443620b77f9d6b33703e51011c16baf57afb285fc6", size = 25335, upload-time = "2022-10-25T02:36:20.889Z" },
]

[[package]]
name = "cryptography"
version = "48.0.0"
source = { registry = "https://gitlab.com/api/v4/projects/21145795/packages/pypi/simple" }
dependencies = [
    { name = "cffi", marker = "platform_python_implementation != 'PyPy'" },
]
sdist = { url = "https://files.pythonhosted.org/packages/9f/a9/db8f313fdcd85d767d4973515e1db101f9c71f95fced83233de224673757/cryptography-48.0.0.tar.gz", hash = "sha256:5c3932f4436d1cccb036cb0eaef46e6e2db91035166f1ad6505c3c9d5a635920", size = 832984, upload-time = "2026-05-04T22:59:38.133Z" }
wheels = [
    { url = "https://files.pythonhosted.org/packages/df/3d/01f6dd9190170a5a241e0e98c2d04be3664a9e6f5b9b872cde63aff1c3dd/cryptography-48.0.0-cp311-abi3-macosx_10_9_universal2.whl", hash = "sha256:0c558d2cdffd8f4bbb30fc7134c74d2ca9a476f830bb053074498fbc86f41ed6", size = 8001587, upload-time = "2026-05-04T22:57:36.803Z" },
    { url = "https://files.pythonhosted.org/packages/b2/6e/e90527eef33f309beb811cf7c982c3aeffcce8e3edb178baa4ca3ae4a6fa/cryptography-48.0.0-cp311-abi3-manylinux2014_aarch64.manylinux_2_17_aarch64.whl", hash = "sha256:f5333311663ea94f75dd408665686aaf426563556bb5283554a3539177e03b8c", size = 4690433, upload-time = "2026-05-04T22:57:40.373Z" },
    { url = "https://files.pythonhosted.org/packages/90/04/673510ed51ddff56575f306cf1617d80411ee76831ccd3097599140efdfe/cryptography-48.0.0-cp311-abi3-manylinux2014_x86_64.manylinux_2_17_x86_64.whl", hash = "sha256:7995ef305d7165c3f11ae07f2517e5a4f1d5c18da1376a0a9ed496336b69e5f3", size = 4710620, upload-time = "2026-05-04T22:57:42.935Z" },
    { url = "https://files.pythonhosted.org/packages/14/d5/e9c4ef932c8d800490c34d8bd589d64a31d5890e27ec9e9ad532be893294/cryptography-48.0.0-cp311-abi3-manylinux_2_28_aarch64.whl", hash = "sha256:40ba1f85eaa6959837b1d51c9767e230e14612eea4ef110ee8854ada22da1bf5", size = 4696283, upload-time = "2026-05-04T22:57:45.294Z" },
    { url = "https://files.pythonhosted.org/packages/0c/29/174b9dfb60b12d59ecfc6cfa04bc88c21b42a54f01b8aae09bb6e51e4c7f/cryptography-48.0.0-cp311-abi3-manylinux_2_28_ppc64le.whl", hash = "sha256:369a6348999f94bbd53435c894377b20ab95f25a9065c283570e70150d8abc3c", size = 5296573, upload-time = "2026-05-04T22:57:47.933Z" },
    { url = "https://files.pythonhosted.org/packages/95/38/0d29a6fd7d0d1373f0c0c88a04ba20e359b257753ac497564cd660fc1d55/cryptography-48.0.0-cp311-abi3-manylinux_2_28_x86_64.whl", hash = "sha256:a0e692c683f4df67815a2d258b324e66f4738bd7a96a218c826dce4f4bd05d8f", size = 4743677, upload-time = "2026-05-04T22:57:50.067Z" },
    { url = "https://files.pythonhosted.org/packages/30/be/eef653013d5c63b6a490529e0316f9ac14a37602965d4903efed1399f32b/cryptography-48.0.0-cp311-abi3-manylinux_2_31_armv7l.whl", hash = "sha256:18349bbc56f4743c8b12dc32e2bccb2cf83ee8b69a3bba74ef8ae857e26b3d25", size = 4330808, upload-time = "2026-05-04T22:57:52.301Z" },
    { url = "https://files.pythonhosted.org/packages/84/9e/500463e87abb7a0a0f9f256ec21123ecde0a7b5541a15e840ea54551fd81/cryptography-48.0.0-cp311-abi3-manylinux_2_34_aarch64.whl", hash = "sha256:7e8eac43dfca5c4cccc6dad9a80504436fca53bb9bc3100a2386d730fbe6b602", size = 4695941, upload-time = "2026-05-04T22:57:54.603Z" },
    { url = "https://files.pythonhosted.org/packages/e3/dc/7303087450c2ec9e7fbb750e17c2abfbc658f23cbd0e54009509b7cc4091/cryptography-48.0.0-cp311-abi3-manylinux_2_34_ppc64le.whl", hash = "sha256:9ccdac7d40688ecb5a3b4a604b8a88c8002e3442d6c60aead1db2a89a041560c", size = 5252579, upload-time = "2026-05-04T22:57:57.207Z" },
    { url = "https://files.pythonhosted.org/packages/d0/c0/7101d3b7215edcdc90c45da544961fd8ed2d6448f77577460fa75a8443f7/cryptography-48.0.0-cp311-abi3-manylinux_2_34_x86_64.whl", hash = "sha256:bd72e68b06bb1e96913f97dd4901119bc17f39d4586a5adf2d3e47bc2b9d58b5", size = 4743326, upload-time = "2026-05-04T22:57:59.535Z" },
    { url = "https://files.pythonhosted.org/packages/ac/d8/5b833bad13016f562ab9d063d68199a4bd121d18458e439515601d3357ec/cryptography-48.0.0-cp311-abi3-musllinux_1_2_aarch64.whl", hash = "sha256:59baa2cb386c4f0b9905bd6eb4c2a79a69a128408fd31d32ca4d7102d4156321", size = 4826672, upload-time = "2026-05-04T22:58:01.996Z" },
    { url = "https://files.pythonhosted.org/packages/98/e1/7074eb8bf3c135558c73fc2bcf0f5633f912e6fb87e868a55c454080ef09/cryptography-48.0.0-cp311-abi3-musllinux_1_2_x86_64.whl", hash = "sha256:9249e3cd978541d665967ac2cb2787fd6a62bddf1e75b3e347a594d7dacf4f74", size = 4972574, upload-time = "2026-05-04T22:58:03.968Z" },
    { url = "https://files.pythonhosted.org/packages/04/70/e5a1b41d325f797f39427aa44ef8baf0be500065ab6d8e10369d850d4a4f/cryptography-48.0.0-cp311-abi3-win32.whl", hash = "sha256:9c459db21422be75e2809370b829a87eb37f74cd785fc4aa9ea1e5f43b47cda4", size = 3294868, upload-time = "2026-05-04T22:58:06.467Z" },
    { url = "https://files.pythonhosted.org/packages/f4/ac/8ac51b4a5fc5932eb7ee5c517ba7dc8cd834f0048962b6b352f00f41ebf9/cryptography-48.0.0-cp311-abi3-win_amd64.whl", hash = "sha256:5b012212e08b8dd5edc78ef54da83dd9892fd9105323b3993eff6bea65dc21d7", size = 3817107, upload-time = "2026-05-04T22:58:08.845Z" },
    { url = "https://files.pythonhosted.org/packages/6b/84/70e3feea9feea87fd7cbe77efb2712ae1e3e6edf10749dc6e95f4e60e455/cryptography-48.0.0-cp314-cp314t-macosx_10_9_universal2.whl", hash = "sha256:3cb07a3ed6431663cd321ea8a000a1314c74211f823e4177fefa2255e057d1ec", size = 7986556, upload-time = "2026-05-04T22:58:11.172Z" },
    { url = "https://files.pythonhosted.org/packages/89/6e/18e07a618bb5442ba10cf4df16e99c071365528aa570dfcb8c02e25a303b/cryptography-48.0.0-cp314-cp314t-manylinux2014_aarch64.manylinux_2_17_aarch64.whl", hash = "sha256:8c7378637d7d88016fa6791c159f698b3d3eed28ebf844ac36b9dc04a14dae18", size = 4684776, upload-time = "2026-05-04T22:58:13.712Z" },
    { url = "https://files.pythonhosted.org/packages/be/6a/4ea3b4c6c6759794d5ee2103c304a5076dc4b19ae1f9fe47dba439e159e9/cryptography-48.0.0-cp314-cp314t-manylinux2014_x86_64.manylinux_2_17_x86_64.whl", hash = "sha256:cc90c0b39b2e3c65ef52c804b72e3c58f8a04ab2a1871272798e5f9572c17d20", size = 4698121, upload-time = "2026-05-04T22:58:16.448Z" },
    { url = "https://files.pythonhosted.org/packages/2f/59/6ff6ad6cae03bb887da2a5860b2c9805f8dac969ef01ce563336c49bd1d1/cryptography-48.0.0-cp314-cp314t-manylinux_2_28_aarch64.whl", hash = "sha256:76341972e1eff8b4bea859f09c0d3e64b96ce931b084f9b9b7db8ef364c30eff", size = 4690042, upload-time = "2026-05-04T22:58:18.544Z" },
    { url = "https://files.pythonhosted.org/packages/ca/b4/fc334ed8cfd705aca282fe4d8f5ae64a8e0f74932e9feecb344610cf6e4d/cryptography-48.0.0-cp314-cp314t-manylinux_2_28_ppc64le.whl", hash = "sha256:55b7718303bf06a5753dcdccf2f3945cf18ad7bffde41b61226e4db31ab89a9c", size = 5282526, upload-time = "2026-05-04T22:58:20.75Z" },
    { url = "https://files.pythonhosted.org/packages/11/08/9f8c5386cc4cd90d8255c7cdd0f5baf459a08502a09de30dc51f553d38dc/cryptography-48.0.0-cp314-cp314t-manylinux_2_28_x86_64.whl", hash = "sha256:a64697c641c7b1b2178e573cbc31c7c6684cd56883a478d75143dbb7118036db", size = 4733116, upload-time = "2026-05-04T22:58:23.627Z" },
    { url = "https://files.pythonhosted.org/packages/b8/77/99307d7574045699f8805aa500fa0fb83422d115b5400a064ddd306d7750/cryptography-48.0.0-cp314-cp314t-manylinux_2_31_armv7l.whl", hash = "sha256:561215ea3879cb1cbbf272867e2efda62476f240fb58c64de6b393ae19246741", size = 4316030, upload-time = "2026-05-04T22:58:25.581Z" },
    { url = "https://files.pythonhosted.org/packages/fd/36/a608b98337af3cb2aff4818e406649d30572b7031918b04c87d979495348/cryptography-48.0.0-cp314-cp314t-manylinux_2_34_aarch64.whl", hash = "sha256:ad64688338ed4bc1a6618076ba75fd7194a5f1797ac60b47afe926285adb3166", size = 4689640, upload-time = "2026-05-04T22:58:27.747Z" },
    { url = "https://files.pythonhosted.org/packages/dd/a6/825010a291b4438aecc1f568bc428189fc1175515223632477c07dc0a6df/cryptography-48.0.0-cp314-cp314t-manylinux_2_34_ppc64le.whl", hash = "sha256:906cbf0670286c6e0044156bc7d4af9cbb0ef6db9f73e52c3ec56ba6bdde5336", size = 5237657, upload-time = "2026-05-04T22:58:29.848Z" },
    { url = "https://files.pythonhosted.org/packages/b9/09/4e76a09b4caa29aad535ddc806f5d4c5d01885bd978bd984fbc6ca032cae/cryptography-48.0.0-cp314-cp314t-manylinux_2_34_x86_64.whl", hash = "sha256:ea8990436d914540a40ab24b6a77c0969695ed52f4a4874c5137ccf7045a7057", size = 4732362, upload-time = "2026-05-04T22:58:32.009Z" },
    { url = "https://files.pythonhosted.org/packages/18/78/444fa04a77d0cb95f417dda20d450e13c56ba8e5220fc892a1658f44f882/cryptography-48.0.0-cp314-cp314t-musllinux_1_2_aarch64.whl", hash = "sha256:c18684a7f0cc9a3cb60328f496b8e3372def7c5d2df39ac267878b05565aaaae", size = 4819580, upload-time = "2026-05-04T22:58:34.254Z" },
    { url = "https://files.pythonhosted.org/packages/38/85/ea67067c70a1fd4be2c63d35eeed82658023021affccc7b17705f8527dd2/cryptography-48.0.0-cp314-cp314t-musllinux_1_2_x86_64.whl", hash = "sha256:9be5aafa5736574f8f15f262adc81b2a9869e2cfe9014d52a44633905b40d52c", size = 4963283, upload-time = "2026-05-04T22:58:36.376Z" },
    { url = "https://files.pythonhosted.org/packages/75/54/cc6d0f3deac3e81c7f847e8a189a12b6cdd65059b43dad25d4316abd849a/cryptography-48.0.0-cp314-cp314t-win32.whl", hash = "sha256:c17dfe85494deaeddc5ce251aebd1d60bbe6afc8b62071bb0b469431a000124f", size = 3270954, upload-time = "2026-05-04T22:58:38.791Z" },
    { url = "https://files.pythonhosted.org/packages/49/67/cc947e288c0758a4e5473d1dcb743037ab7785541265a969240b8885441a/cryptography-48.0.0-cp314-cp314t-win_amd64.whl", hash = "sha256:27241b1dc9962e056062a8eef1991d02c3a24569c95975bd2322a8a52c6e5e12", size = 3797313, upload-time = "2026-05-04T22:58:40.746Z" },
    { url = "https://files.pythonhosted.org/packages/f2/63/61d4a4e1c6b6bab6ce1e213cd36a24c415d90e76d78c5eb8577c5541d2e8/cryptography-48.0.0-cp39-abi3-macosx_10_9_universal2.whl", hash = "sha256:58d00498e8933e4a194f3076aee1b4a97dfec1a6da444535755822fe5d8b0b86", size = 7983482, upload-time = "2026-05-04T22:58:43.769Z" },
    { url = "https://files.pythonhosted.org/packages/d5/ac/f5b5995b87770c693e2596559ffafe195b4033a57f14a82268a2842953f3/cryptography-48.0.0-cp39-abi3-manylinux2014_aarch64.manylinux_2_17_aarch64.whl", hash = "sha256:614d0949f4790582d2cc25553abd09dd723025f0c0e7c67376a1d77196743d6e", size = 4683266, upload-time = "2026-05-04T22:58:46.064Z" },
    { url = "https://files.pythonhosted.org/packages/ec/c6/8b14f67e18338fbc4adb76f66c001f5c3610b3e2d1837f268f47a347dbbb/cryptography-48.0.0-cp39-abi3-manylinux2014_x86_64.manylinux_2_17_x86_64.whl", hash = "sha256:7ce4bfae76319a532a2dc68f82cc32f5676ee792a983187dac07183690e5c66f", size = 4696228, upload-time = "2026-05-04T22:58:48.22Z" },
    { url = "https://files.pythonhosted.org/packages/ea/73/f808fbae9514bd91b47875b003f13e284c8c6bdfd904b7944e803937eec1/cryptography-48.0.0-cp39-abi3-manylinux_2_28_aarch64.whl", hash = "sha256:2eb992bbd4661238c5a397594c83f5b4dc2bc5b848c365c8f991b6780efcc5c7", size = 4689097, upload-time = "2026-05-04T22:58:50.9Z" },
    { url = "https://files.pythonhosted.org/packages/93/01/d86632d7d28db8ae83221995752eeb6639ffb374c2d22955648cf8d52797/cryptography-48.0.0-cp39-abi3-manylinux_2_28_ppc64le.whl", hash = "sha256:22a5cb272895dce158b2cacdfdc3debd299019659f42947dbdac6f32d68fe832", size = 5283582, upload-time = "2026-05-04T22:58:53.017Z" },
    { url = "https://files.pythonhosted.org/packages/02/e1/50edc7a50334807cc4791fc4a0ce7468b4a1416d9138eab358bfc9a3d70b/cryptography-48.0.0-cp39-abi3-manylinux_2_28_x86_64.whl", hash = "sha256:2b4d59804e8408e2fea7d1fbaf218e5ec984325221db76e6a241a9abd6cdd95c", size = 4730479, upload-time = "2026-05-04T22:58:55.611Z" },
    { url = "https://files.pythonhosted.org/packages/6f/af/99a582b1b1641ff5911ac559beb45097cf79efd4ead4657f578ef1af2d47/cryptography-48.0.0-cp39-abi3-manylinux_2_31_armv7l.whl", hash = "sha256:984a20b0f62a26f48a3396c72e4bc34c66e356d356bf370053066b3b6d54634a", size = 4326481, upload-time = "2026-05-04T22:58:57.607Z" },
    { url = "https://files.pythonhosted.org/packages/90/ee/89aa26a06ef0a7d7611788ffd571a7c50e368cc6a4d5eef8b4884e866edb/cryptography-48.0.0-cp39-abi3-manylinux_2_34_aarch64.whl", hash = "sha256:5a5ed8fde7a1d09376ca0b40e68cd59c69fe23b1f9768bd5824f54681626032a", size = 4688713, upload-time = "2026-05-04T22:59:00.077Z" },
    { url = "https://files.pythonhosted.org/packages/70/ba/bcb1b0bb7a33d4c7c0c4d4c7874b4a62ae4f56113a5f4baefa362dfb1f0f/cryptography-48.0.0-cp39-abi3-manylinux_2_34_ppc64le.whl", hash = "sha256:8cd666227ef7af430aa5914a9910e0ddd703e75f039cef0825cd0da71b6b711a", size = 5238165, upload-time = "2026-05-04T22:59:02.317Z" },
    { url = "https://files.pythonhosted.org/packages/c9/70/ca4003b1ce5ca3dc3186ada51908c8a9b9ff7d5cab83cc0d43ee14ec144f/cryptography-48.0.0-cp39-abi3-manylinux_2_34_x86_64.whl", hash = "sha256:9071196d81abc88b3516ac8cdfad32e2b66dd4a5393a8e68a961e9161ddc6239", size = 4729947, upload-time = "2026-05-04T22:59:05.255Z" },
    { url = "https://files.pythonhosted.org/packages/44/a0/4ec7cf774207905aef1a8d11c3750d5a1db805eb380ee4e16df317870128/cryptography-48.0.0-cp39-abi3-musllinux_1_2_aarch64.whl", hash = "sha256:1e2d54c8be6152856a36f0882ab231e70f8ec7f14e93cf87db8a2ed056bf160c", size = 4822059, upload-time = "2026-05-04T22:59:07.802Z" },
    { url = "https://files.pythonhosted.org/packages/1e/75/a2e55f99c16fcac7b5d6c1eb19ad8e00799854d6be5ca845f9259eae1681/cryptography-48.0.0-cp39-abi3-musllinux_1_2_x86_64.whl", hash = "sha256:a5da777e32ffed6f85a7b2b3f7c5cbc88c146bfcd0a1d7baf5fcc6c52ee35dd4", size = 4960575, upload-time = "2026-05-04T22:59:09.851Z" },
    { url = "https://files.pythonhosted.org/packages/b8/23/6e6f32143ab5d8b36ca848a502c4bcd477ae75b9e1677e3530d669062578/cryptography-48.0.0-cp39-abi3-win32.whl", hash = "sha256:77a2ccbbe917f6710e05ba9adaa25fb5075620bf3ea6fb751997875aff4ae4bd", size = 3279117, upload-time = "2026-05-04T22:59:12.019Z" },
    { url = "https://files.pythonhosted.org/packages/9d/9a/0fea98a70cf1749d41d738836f6349d97945f7c89433a259a6c2642eefeb/cryptography-48.0.0-cp39-abi3-win_amd64.whl", hash = "sha256:16cd65b9330583e4619939b3a3843eec1e6e789744bb01e7c7e2e62e33c239c8", size = 3792100, upload-time = "2026-05-04T22:59:14.884Z" },
]

[[package]]
name = "idna"
version = "3.15"
source = { registry = "https://gitlab.com/api/v4/projects/21145795/packages/pypi/simple" }
sdist = { url = "https://files.pythonhosted.org/packages/82/77/7b3966d0b9d1d31a36ddf1746926a11dface89a83409bf1483f0237aa758/idna-3.15.tar.gz", hash = "sha256:ca962446ea538f7092a95e057da437618e886f4d349216d2b1e294abfdb65fdc", size = 199245, upload-time = "2026-05-12T22:45:57.011Z" }
wheels = [
    { url = "https://files.pythonhosted.org/packages/d2/23/408243171aa9aaba178d3e2559159c24c1171a641aa83b67bdd3394ead8e/idna-3.15-py3-none-any.whl", hash = "sha256:048adeaf8c2d788c40fee287673ccaa74c24ffd8dcf09ffa555a2fbb59f10ac8", size = 72340, upload-time = "2026-05-12T22:45:55.733Z" },
]

[[package]]
name = "numpy"
version = "2.4.4"
source = { registry = "https://gitlab.com/api/v4/projects/21145795/packages/pypi/simple" }
sdist = { url = "https://files.pythonhosted.org/packages/d7/9f/b8cef5bffa569759033adda9481211426f12f53299629b410340795c2514/numpy-2.4.4.tar.gz", hash = "sha256:2d390634c5182175533585cc89f3608a4682ccb173cc9bb940b2881c8d6f8fa0", size = 20731587, upload-time = "2026-03-29T13:22:01.298Z" }
wheels = [
    { url = "https://files.pythonhosted.org/packages/6e/06/c54062f85f673dd5c04cbe2f14c3acb8c8b95e3384869bb8cc9bff8cb9df/numpy-2.4.4-cp314-cp314-macosx_10_15_x86_64.whl", hash = "sha256:f169b9a863d34f5d11b8698ead99febeaa17a13ca044961aa8e2662a6c7766a0", size = 16684353, upload-time = "2026-03-29T13:20:29.504Z" },
    { url = "https://files.pythonhosted.org/packages/4c/39/8a320264a84404c74cc7e79715de85d6130fa07a0898f67fb5cd5bd79908/numpy-2.4.4-cp314-cp314-macosx_11_0_arm64.whl", hash = "sha256:2483e4584a1cb3092da4470b38866634bafb223cbcd551ee047633fd2584599a", size = 14704914, upload-time = "2026-03-29T13:20:33.547Z" },
    { url = "https://files.pythonhosted.org/packages/91/fb/287076b2614e1d1044235f50f03748f31fa287e3dbe6abeb35cdfa351eca/numpy-2.4.4-cp314-cp314-macosx_14_0_arm64.whl", hash = "sha256:2d19e6e2095506d1736b7d80595e0f252d76b89f5e715c35e06e937679ea7d7a", size = 5210005, upload-time = "2026-03-29T13:20:36.45Z" },
    { url = "https://files.pythonhosted.org/packages/63/eb/fcc338595309910de6ecabfcef2419a9ce24399680bfb149421fa2df1280/numpy-2.4.4-cp314-cp314-macosx_14_0_x86_64.whl", hash = "sha256:6a246d5914aa1c820c9443ddcee9c02bec3e203b0c080349533fae17727dfd1b", size = 6544974, upload-time = "2026-03-29T13:20:39.014Z" },
    { url = "https://files.pythonhosted.org/packages/44/5d/e7e9044032a716cdfaa3fba27a8e874bf1c5f1912a1ddd4ed071bf8a14a6/numpy-2.4.4-cp314-cp314-manylinux_2_27_aarch64.manylinux_2_28_aarch64.whl", hash = "sha256:989824e9faf85f96ec9c7761cd8d29c531ad857bfa1daa930cba85baaecf1a9a", size = 15684591, upload-time = "2026-03-29T13:20:42.146Z" },
    { url = "https://files.pythonhosted.org/packages/98/7c/21252050676612625449b4807d6b695b9ce8a7c9e1c197ee6216c8a65c7c/numpy-2.4.4-cp314-cp314-manylinux_2_27_x86_64.manylinux_2_28_x86_64.whl", hash = "sha256:27a8d92cd10f1382a67d7cf4db7ce18341b66438bdd9f691d7b0e48d104c2a9d", size = 16637700, upload-time = "2026-03-29T13:20:46.204Z" },
    { url = "https://files.pythonhosted.org/packages/b1/29/56d2bbef9465db24ef25393383d761a1af4f446a1df9b8cded4fe3a5a5d7/numpy-2.4.4-cp314-cp314-musllinux_1_2_aarch64.whl", hash = "sha256:e44319a2953c738205bf3354537979eaa3998ed673395b964c1176083dd46252", size = 17035781, upload-time = "2026-03-29T13:20:50.242Z" },
    { url = "https://files.pythonhosted.org/packages/e3/2b/a35a6d7589d21f44cea7d0a98de5ddcbb3d421b2622a5c96b1edf18707c3/numpy-2.4.4-cp314-cp314-musllinux_1_2_x86_64.whl", hash = "sha256:e892aff75639bbef0d2a2cfd55535510df26ff92f63c92cd84ef8d4ba5a5557f", size = 18362959, upload-time = "2026-03-29T13:20:54.019Z" },
    { url = "https://files.pythonhosted.org/packages/64/c9/d52ec581f2390e0f5f85cbfd80fb83d965fc15e9f0e1aec2195faa142cde/numpy-2.4.4-cp314-cp314-win32.whl", hash = "sha256:1378871da56ca8943c2ba674530924bb8ca40cd228358a3b5f302ad60cf875fc", size = 6008768, upload-time = "2026-03-29T13:20:56.912Z" },
    { url = "https://files.pythonhosted.org/packages/fa/22/4cc31a62a6c7b74a8730e31a4274c5dc80e005751e277a2ce38e675e4923/numpy-2.4.4-cp314-cp314-win_amd64.whl", hash = "sha256:715d1c092715954784bc79e1174fc2a90093dc4dc84ea15eb14dad8abdcdeb74", size = 12449181, upload-time = "2026-03-29T13:20:59.548Z" },
    { url = "https://files.pythonhosted.org/packages/70/2e/14cda6f4d8e396c612d1bf97f22958e92148801d7e4f110cabebdc0eef4b/numpy-2.4.4-cp314-cp314-win_arm64.whl", hash = "sha256:2c194dd721e54ecad9ad387c1d35e63dce5c4450c6dc7dd5611283dda239aabb", size = 10496035, upload-time = "2026-03-29T13:21:02.524Z" },
    { url = "https://files.pythonhosted.org/packages/b1/e8/8fed8c8d848d7ecea092dc3469643f9d10bc3a134a815a3b033da1d2039b/numpy-2.4.4-cp314-cp314t-macosx_11_0_arm64.whl", hash = "sha256:2aa0613a5177c264ff5921051a5719d20095ea586ca88cc802c5c218d1c67d3e", size = 14824958, upload-time = "2026-03-29T13:21:05.671Z" },
    { url = "https://files.pythonhosted.org/packages/05/1a/d8007a5138c179c2bf33ef44503e83d70434d2642877ee8fbb230e7c0548/numpy-2.4.4-cp314-cp314t-macosx_14_0_arm64.whl", hash = "sha256:42c16925aa5a02362f986765f9ebabf20de75cdefdca827d14315c568dcab113", size = 5330020, upload-time = "2026-03-29T13:21:08.635Z" },
    { url = "https://files.pythonhosted.org/packages/99/64/ffb99ac6ae93faf117bcbd5c7ba48a7f45364a33e8e458545d3633615dda/numpy-2.4.4-cp314-cp314t-macosx_14_0_x86_64.whl", hash = "sha256:874f200b2a981c647340f841730fc3a2b54c9d940566a3c4149099591e2c4c3d", size = 6650758, upload-time = "2026-03-29T13:21:10.949Z" },
    { url = "https://files.pythonhosted.org/packages/6e/6e/795cc078b78a384052e73b2f6281ff7a700e9bf53bcce2ee579d4f6dd879/numpy-2.4.4-cp314-cp314t-manylinux_2_27_aarch64.manylinux_2_28_aarch64.whl", hash = "sha256:c9b39d38a9bd2ae1becd7eac1303d031c5c110ad31f2b319c6e7d98b135c934d", size = 15729948, upload-time = "2026-03-29T13:21:14.047Z" },
    { url = "https://files.pythonhosted.org/packages/5f/86/2acbda8cc2af5f3d7bfc791192863b9e3e19674da7b5e533fded124d1299/numpy-2.4.4-cp314-cp314t-manylinux_2_27_x86_64.manylinux_2_28_x86_64.whl", hash = "sha256:b268594bccac7d7cf5844c7732e3f20c50921d94e36d7ec9b79e9857694b1b2f", size = 16679325, upload-time = "2026-03-29T13:21:17.561Z" },
    { url = "https://files.pythonhosted.org/packages/bc/59/cafd83018f4aa55e0ac6fa92aa066c0a1877b77a615ceff1711c260ffae8/numpy-2.4.4-cp314-cp314t-musllinux_1_2_aarch64.whl", hash = "sha256:ac6b31e35612a26483e20750126d30d0941f949426974cace8e6b5c58a3657b0", size = 17084883, upload-time = "2026-03-29T13:21:21.106Z" },
    { url = "https://files.pythonhosted.org/packages/f0/85/a42548db84e65ece46ab2caea3d3f78b416a47af387fcbb47ec28e660dc2/numpy-2.4.4-cp314-cp314t-musllinux_1_2_x86_64.whl", hash = "sha256:8e3ed142f2728df44263aaf5fb1f5b0b99f4070c553a0d7f033be65338329150", size = 18403474, upload-time = "2026-03-29T13:21:24.828Z" },
    { url = "https://files.pythonhosted.org/packages/ed/ad/483d9e262f4b831000062e5d8a45e342166ec8aaa1195264982bca267e62/numpy-2.4.4-cp314-cp314t-win32.whl", hash = "sha256:dddbbd259598d7240b18c9d87c56a9d2fb3b02fe266f49a7c101532e78c1d871", size = 6155500, upload-time = "2026-03-29T13:21:28.205Z" },
    { url = "https://files.pythonhosted.org/packages/c7/03/2fc4e14c7bd4ff2964b74ba90ecb8552540b6315f201df70f137faa5c589/numpy-2.4.4-cp314-cp314t-win_amd64.whl", hash = "sha256:a7164afb23be6e37ad90b2f10426149fd75aee07ca55653d2aa41e66c4ef697e", size = 12637755, upload-time = "2026-03-29T13:21:31.107Z" },
    { url = "https://files.pythonhosted.org/packages/58/78/548fb8e07b1a341746bfbecb32f2c268470f45fa028aacdbd10d9bc73aab/numpy-2.4.4-cp314-cp314t-win_arm64.whl", hash = "sha256:ba203255017337d39f89bdd58417f03c4426f12beed0440cfd933cb15f8669c7", size = 10566643, upload-time = "2026-03-29T13:21:34.339Z" },
]

[[package]]
name = "opcua-client"
version = "0.9.0"
source = { editable = "." }
dependencies = [
    { name = "asyncua" },
    { name = "numpy" },
    { name = "opcua-widgets" },
    { name = "pyqt6" },
    { name = "pyqtgraph" },
]

[package.metadata]
requires-dist = [
    { name = "asyncua", editable = "../opcua-asyncio" },
    { name = "numpy" },
    { name = "opcua-widgets", editable = "uawidgets" },
    { name = "pyqt6" },
    { name = "pyqtgraph" },
]

[[package]]
name = "opcua-widgets"
version = "0.7.0"
source = { editable = "uawidgets" }
dependencies = [
    { name = "asyncua" },
    { name = "pyqt6" },
]

[package.metadata]
requires-dist = [
    { name = "asyncua", editable = "../opcua-asyncio" },
    { name = "pyqt6" },
]

[[package]]
name = "pycparser"
version = "3.0"
source = { registry = "https://gitlab.com/api/v4/projects/21145795/packages/pypi/simple" }
sdist = { url = "https://files.pythonhosted.org/packages/1b/7d/92392ff7815c21062bea51aa7b87d45576f649f16458d78b7cf94b9ab2e6/pycparser-3.0.tar.gz", hash = "sha256:600f49d217304a5902ac3c37e1281c9fe94e4d0489de643a9504c5cdfdfc6b29", size = 103492, upload-time = "2026-01-21T14:26:51.89Z" }
wheels = [
    { url = "https://files.pythonhosted.org/packages/0c/c3/44f3fbbfa403ea2a7c779186dc20772604442dde72947e7d01069cbe98e3/pycparser-3.0-py3-none-any.whl", hash = "sha256:b727414169a36b7d524c1c3e31839a521725078d7b2ff038656844266160a992", size = 48172, upload-time = "2026-01-21T14:26:50.693Z" },
]

[[package]]
name = "pyopenssl"
version = "26.2.0"
source = { registry = "https://gitlab.com/api/v4/projects/21145795/packages/pypi/simple" }
dependencies = [
    { name = "cryptography" },
]
sdist = { url = "https://files.pythonhosted.org/packages/1a/51/27a5ad5f939d08f690a326ef9582cda7140555180db71695f6fb747d6a36/pyopenssl-26.2.0.tar.gz", hash = "sha256:8c6fcecd1183a7fc897548dfe388b0cdb7f37e018200d8409cf33959dbe35387", size = 182195, upload-time = "2026-05-04T23:06:09.72Z" }
wheels = [
    { url = "https://files.pythonhosted.org/packages/73/b8/a0e2790ae249d6f38c9f66de7a211621a7ab2650217bcd04e1262f578a56/pyopenssl-26.2.0-py3-none-any.whl", hash = "sha256:4f9d971bc5298b8bc1fab282803da04bf000c755d4ad9d99b52de2569ca19a70", size = 55823, upload-time = "2026-05-04T23:06:08.395Z" },
]

[[package]]
name = "pyqt6"
version = "6.11.0"
source = { registry = "https://gitlab.com/api/v4/projects/21145795/packages/pypi/simple" }
dependencies = [
    { name = "pyqt6-qt6" },
    { name = "pyqt6-sip" },
]
sdist = { url = "https://files.pythonhosted.org/packages/8b/47/b25c13eca5bebc6505394d0223e46d7ebf0c57dcac2ed908d7d19b18ab6b/pyqt6-6.11.0.tar.gz", hash = "sha256:45dd60aa69976de1918b5ced6b4e7b6a25abd2a919ecef5fd5826ecc76718889", size = 1087430, upload-time = "2026-03-30T09:16:13.543Z" }
wheels = [
    { url = "https://files.pythonhosted.org/packages/33/44/fcd3dd3f64c83c96bf9bce76ec16cca64bd9b91702c3d08fd8e3dafc73d9/pyqt6-6.11.0-cp310-abi3-macosx_10_14_universal2.whl", hash = "sha256:f7100bc7f72b12581ec479a733f4ad11b8002668e6786e8a445ab6f4d1c743d4", size = 12429735, upload-time = "2026-03-30T09:16:03.713Z" },
    { url = "https://files.pythonhosted.org/packages/c3/a0/bd1399740dfa80c0a94d20b02d89962a31458233dcf70eaa09bfbccf3d0f/pyqt6-6.11.0-cp310-abi3-manylinux_2_34_x86_64.whl", hash = "sha256:8555277989fa7d114cb3c3443fd261d566909f7268ceedd41d93a5f02d37ec05", size = 8334632, upload-time = "2026-03-30T09:16:06.066Z" },
    { url = "https://files.pythonhosted.org/packages/d3/db/425b184ac2430ba1978bb507ffd285ec007a872644e2ae5df13332dbcb05/pyqt6-6.11.0-cp310-abi3-manylinux_2_39_aarch64.whl", hash = "sha256:0734959955adde095af9a074213a7f73386d1bbbddfc27346b4c0621641a692e", size = 8321484, upload-time = "2026-03-30T09:16:08.135Z" },
    { url = "https://files.pythonhosted.org/packages/6f/85/dd9f03d78d87460e109e0121cd6201c5802bdd655656bf2780e964870fea/pyqt6-6.11.0-cp310-abi3-win_amd64.whl", hash = "sha256:bd11b459c54dca068e988a42cf838303334f0d441b9d16d92ae6719fcb5ac6ba", size = 6844358, upload-time = "2026-03-30T09:16:09.766Z" },
    { url = "https://files.pythonhosted.org/packages/cd/75/970b041bde4372cc6739c5ef9db1de83a6b36e788e4992e598baa35b2255/pyqt6-6.11.0-cp310-abi3-win_arm64.whl", hash = "sha256:b6324e3501b19b4292c7a55b1f22e82d3e80e519e383ce4fe79b4a754c6f0288", size = 5933984, upload-time = "2026-03-30T09:16:11.817Z" },
]

[[package]]
name = "pyqt6-qt6"
version = "6.11.0"
source = { registry = "https://gitlab.com/api/v4/projects/21145795/packages/pypi/simple" }
wheels = [
    { url = "https://files.pythonhosted.org/packages/eb/5e/9e65b87ba746bb3a2ee81d6f3b2a8a7a4dfc33335c0a6afa15e8621e5fe9/pyqt6_qt6-6.11.0-py3-none-macosx_10_14_x86_64.whl", hash = "sha256:447b04baf9bfd800410dc6a3b6faf24a2b754bd6e1c5d0dc609e6935362828f3", size = 70238920, upload-time = "2026-03-24T15:01:22.753Z" },
    { url = "https://files.pythonhosted.org/packages/eb/b2/a15f88a0d9f550b9581592f79fb64b827ab3d3343cbb2af05912e6c77d26/pyqt6_qt6-6.11.0-py3-none-macosx_11_0_arm64.whl", hash = "sha256:b510d0cb8f4d3f4306b6ff33a63234139c9c87c160909d3853e4deb1094782c2", size = 64036460, upload-time = "2026-03-24T15:01:42.951Z" },
    { url = "https://files.pythonhosted.org/packages/b5/f9/99696e6b2325ae54868111f581c59a8a6283b8f21bc931837f49093bc582/pyqt6_qt6-6.11.0-py3-none-manylinux_2_34_x86_64.whl", hash = "sha256:c2c3a14714536256a9fd761a8ac8e030dfed7b991200a220ca79d399fcc3d265", size = 85757517, upload-time = "2026-03-24T15:02:11.86Z" },
    { url = "https://files.pythonhosted.org/packages/9d/3c/a420d08723d4ab1998afead3e6f643333e93a9eadfde3486bdec25acfff0/pyqt6_qt6-6.11.0-py3-none-manylinux_2_39_aarch64.whl", hash = "sha256:acc5b78d7f718a5642f14b37928e074b048751cc86edb4c539e4425bfbd26827", size = 84854032, upload-time = "2026-03-24T15:03:26.991Z" },
    { url = "https://files.pythonhosted.org/packages/36/cd/da0147d331b44587a7214c7f59719ac4f8e9433b268016962b02067007d1/pyqt6_qt6-6.11.0-py3-none-win_amd64.whl", hash = "sha256:b0e42629cef2575f2178aaeb32b0e539291df869f91f4df48983da3ccaad05af", size = 78309473, upload-time = "2026-03-24T15:03:53.396Z" },
    { url = "https://files.pythonhosted.org/packages/72/9a/8d09ca47a61c2504b49e16c97ccde99b120ceec323d97f7ca776f8331213/pyqt6_qt6-6.11.0-py3-none-win_arm64.whl", hash = "sha256:bcfa594171408319935c25afc7f82a3ae3ba90678ea194631bbca1c6f68daa6d", size = 59848654, upload-time = "2026-03-24T15:04:18.117Z" },
]

[[package]]
name = "pyqt6-sip"
version = "13.11.1"
source = { registry = "https://gitlab.com/api/v4/projects/21145795/packages/pypi/simple" }
sdist = { url = "https://files.pythonhosted.org/packages/90/24/a753e1af94b9ae5b2da63d4598457308da3cdbf0838c959381db086ccc86/pyqt6_sip-13.11.1.tar.gz", hash = "sha256:869c5b48afe38e55b1ee0dd72182b0886e968cc509b98023ff50010b013ce1be", size = 92574, upload-time = "2026-03-09T13:01:35.418Z" }
wheels = [
    { url = "https://files.pythonhosted.org/packages/20/1d/62c633faedef5bb3b8c7486a72e8a6466adaa2a14efcfccf85bb23426748/pyqt6_sip-13.11.1-cp314-cp314-macosx_10_15_universal2.whl", hash = "sha256:cb931c1af45294bbe8039c5cfda184e3023f5dc766fc884964010eedd8fd85db", size = 112678, upload-time = "2026-03-09T13:01:28.15Z" },
    { url = "https://files.pythonhosted.org/packages/03/72/5a3d9ffef0caa7e1bc7a35d6300f6099bfccd1d8a485b4320ba20013a2d9/pyqt6_sip-13.11.1-cp314-cp314-manylinux1_x86_64.manylinux_2_5_x86_64.whl", hash = "sha256:353d613129316e9f7eda6bbe821deb7b7ffa14483499189171fd8a246873f9ac", size = 299560, upload-time = "2026-03-09T13:01:32.134Z" },
    { url = "https://files.pythonhosted.org/packages/98/f4/886f901f1e04da717a11e180ba19a9c7fc62da170966d57206006f173bda/pyqt6_sip-13.11.1-cp314-cp314-manylinux_2_17_aarch64.manylinux2014_aarch64.whl", hash = "sha256:fcadd68e09ee24cdda8f8bfcba52e59c9b297055d2c450f0eb89afa61a8dc31a", size = 321846, upload-time = "2026-03-09T13:01:29.817Z" },
    { url = "https://files.pythonhosted.org/packages/96/f2/b68fd566f7f86dbb53d933489e70487cabaea0e0161690e4899653bbc7fb/pyqt6_sip-13.11.1-cp314-cp314-win_amd64.whl", hash = "sha256:581e287bf42587593b88b30d9db06ed0fccbf40f345a5bd3ec3f00a5692e2430", size = 55055, upload-time = "2026-03-09T13:01:33.467Z" },
    { url = "https://files.pythonhosted.org/packages/8d/42/efb7ced69f7d1d31eb8f19b2d778aeb182be7e070569d02b9057ac478e3e/pyqt6_sip-13.11.1-cp314-cp314-win_arm64.whl", hash = "sha256:42b62530a9b6a9c6e29c2941b8ab78258652da0aeae4eb1fc9a0631d19a7a7b2", size = 49597, upload-time = "2026-03-09T13:01:34.49Z" },
]

[[package]]
name = "pyqtgraph"
version = "0.14.0"
source = { registry = "https://gitlab.com/api/v4/projects/21145795/packages/pypi/simple" }
dependencies = [
    { name = "colorama" },
    { name = "numpy" },
]
wheels = [
    { url = "https://files.pythonhosted.org/packages/32/36/4c242f81fdcbfa4fb62a5645f6af79191f4097a0577bd5460c24f19cc4ef/pyqtgraph-0.14.0-py3-none-any.whl", hash = "sha256:7abb7c3e17362add64f8711b474dffac5e7b0e9245abdf992e9a44119b7aa4f5", size = 1924755, upload-time = "2025-11-16T19:43:22.251Z" },
]

[[package]]
name = "python-dateutil"
version = "2.9.0.post0"
source = { registry = "https://gitlab.com/api/v4/projects/21145795/packages/pypi/simple" }
dependencies = [
    { name = "six" },
]
sdist = { url = "https://files.pythonhosted.org/packages/66/c0/0c8b6ad9f17a802ee498c46e004a0eb49bc148f2fd230864601a86dcf6db/python-dateutil-2.9.0.post0.tar.gz", hash = "sha256:37dd54208da7e1cd875388217d5e00ebd4179249f90fb72437e91a35459a0ad3", size = 342432, upload-time = "2024-03-01T18:36:20.211Z" }
wheels = [
    { url = "https://files.pythonhosted.org/packages/ec/57/56b9bcc3c9c6a792fcbaf139543cee77261f3651ca9da0c93f5c1221264b/python_dateutil-2.9.0.post0-py2.py3-none-any.whl", hash = "sha256:a8b2bc7bffae282281c8140a97d3aa9c14da0b136dfe83f850eea9a5f7470427", size = 229892, upload-time = "2024-03-01T18:36:18.57Z" },
]

[[package]]
name = "pytz"
version = "2026.2"
source = { registry = "https://gitlab.com/api/v4/projects/21145795/packages/pypi/simple" }
sdist = { url = "https://files.pythonhosted.org/packages/ff/46/dd499ec9038423421951e4fad73051febaa13d2df82b4064f87af8b8c0c3/pytz-2026.2.tar.gz", hash = "sha256:0e60b47b29f21574376f218fe21abc009894a2321ea16c6754f3cad6eb7cdd6a", size = 320861, upload-time = "2026-05-04T01:35:29.667Z" }
wheels = [
    { url = "https://files.pythonhosted.org/packages/ec/dd/96da98f892250475bdf2328112d7468abdd4acc7b902b6af23f4ed958ea0/pytz-2026.2-py2.py3-none-any.whl", hash = "sha256:04156e608bee23d3792fd45c94ae47fae1036688e75032eea2e3bf0323d1f126", size = 510141, upload-time = "2026-05-04T01:35:27.408Z" },
]

[[package]]
name = "six"
version = "1.17.0"
source = { registry = "https://gitlab.com/api/v4/projects/21145795/packages/pypi/simple" }
sdist = { url = "https://files.pythonhosted.org/packages/94/e7/b2c673351809dca68a0e064b6af791aa332cf192da575fd474ed7d6f16a2/six-1.17.0.tar.gz", hash = "sha256:ff70335d468e7eb6ec65b95b99d3a2836546063f63acc5171de367e834932a81", size = 34031, upload-time = "2024-12-04T17:35:28.174Z" }
wheels = [
    { url = "https://files.pythonhosted.org/packages/b7/ce/149a00dd41f10bc29e5921b496af8b574d8413afcd5e30dfa0ed46c2cc5e/six-1.17.0-py2.py3-none-any.whl", hash = "sha256:4721f391ed90541fddacab5acf947aa0d3dc7d27b2e1e8eda2be8970586c3274", size = 11050, upload-time = "2024-12-04T17:35:26.475Z" },
]

[[package]]
name = "sortedcontainers"
version = "2.4.0"
source = { registry = "https://gitlab.com/api/v4/projects/21145795/packages/pypi/simple" }
sdist = { url = "https://files.pythonhosted.org/packages/e8/c4/ba2f8066cceb6f23394729afe52f3bf7adec04bf9ed2c820b39e19299111/sortedcontainers-2.4.0.tar.gz", hash = "sha256:25caa5a06cc30b6b83d11423433f65d1f9d76c4c6a0c90e3379eaa43b9bfdb88", size = 30594, upload-time = "2021-05-16T22:03:42.897Z" }
wheels = [
    { url = "https://files.pythonhosted.org/packages/32/46/9cb0e58b2deb7f82b84065f37f3bffeb12413f947f9388e4cac22c4621ce/sortedcontainers-2.4.0-py2.py3-none-any.whl", hash = "sha256:a163dcaede0f1c021485e957a39245190e74249897e2ae4b2aa38595db237ee0", size = 29575, upload-time = "2021-05-16T22:03:41.177Z" },
]

[[package]]
name = "typing-extensions"
version = "4.15.0"
source = { registry = "https://gitlab.com/api/v4/projects/21145795/packages/pypi/simple" }
sdist = { url = "https://files.pythonhosted.org/packages/72/94/1a15dd82efb362ac84269196e94cf00f187f7ed21c242792a923cdb1c61f/typing_extensions-4.15.0.tar.gz", hash = "sha256:0cea48d173cc12fa28ecabc3b837ea3cf6f38c6d1136f85cbaaf598984861466", size = 109391, upload-time = "2025-08-25T13:49:26.313Z" }
wheels = [
    { url = "https://files.pythonhosted.org/packages/18/67/36e9267722cc04a6b9f15c7f3441c2363321a3ea07da7ae0c0707beb2a9c/typing_extensions-4.15.0-py3-none-any.whl", hash = "sha256:f0fa19c6845758ab08074a0cfa8b7aecb71c999ca73d62883bc25cc018c4e548", size = 44614, upload-time = "2025-08-25T13:49:24.86Z" },
]
